{
  "name": "replisp",
  "version": "2.0.0",
  "lockfileVersion": 1,
  "requires": true,
  "dependencies": {
    "es-main": {
      "version": "1.0.2",
      "resolved": "https://registry.npmjs.org/es-main/-/es-main-1.0.2.tgz",
      "integrity": "sha512-LLgW8Cby/FiyQygrI23q2EswulHiDKoyjWlDRgTGXjQ3iRim2R26VfoehpxI5oKRXSNams3L/80KtggoUdxdDQ=="
    }
  }
}
